
Microsoft Visual Studio Solution File, Format Version 12.00
# Visual Studio Version 16
VisualStudioVersion = 16.0.30128.74
MinimumVisualStudioVersion = 10.0.40219.1
Project("{FAE04EC0-301F-11D3-BF4B-00C04F79EFBC}") = "MVC", "MVC\MVC.csproj", "{6E739DA9-3D0C-4146-A2D6-AA032B36FEC2}"
EndProject
Global
	GlobalSection(SolutionConfigurationPlatforms) = preSolution
		Debug|Any CPU = Debug|Any CPU
		Release|Any CPU = Release|Any CPU
	EndGlobalSection
	GlobalSection(ProjectConfigurationPlatforms) = postSolution
		{6E739DA9-3D0C-4146-A2D6-AA032B36FEC2}.Debug|Any CPU.ActiveCfg = Debug|Any CPU
		{6E739DA9-3D0C-4146-A2D6-AA032B36FEC2}.Debug|Any CPU.Build.0 = Debug|Any CPU
		{6E739DA9-3D0C-4146-A2D6-AA032B36FEC2}.Release|Any CPU.ActiveCfg = Release|Any CPU
		{6E739DA9-3D0C-4146-A2D6-AA032B36FEC2}.Release|Any CPU.Build.0 = Release|Any CPU
	EndGlobalSection
	GlobalSection(SolutionProperties) = preSolution
		HideSolutionNode = FALSE
	EndGlobalSection
	GlobalSection(ExtensibilityGlobals) = postSolution
		SolutionGuid = {3ABC203F-A450-4B8E-ACFE-C25888055D33}
	EndGlobalSection
EndGlobal
